<?xml version="1.0" encoding="UTF-8" standalone="yes" ?>
<CodeBlocks_project_file>
	<FileVersion major="1" minor="6" />
	<Project>
		<Option title="colortrack" />
		<Option pch_mode="2" />
		<Option compiler="gcc" />
		<Build>
			<Target title="Debug">
				<Option output="bin/Debug/colortrack" prefix_auto="1" extension_auto="1" />
				<Option object_output="obj/Debug/" />
				<Option type="1" />
				<Option compiler="gcc" />
				<Compiler>
					<Add option="-g" />
					<Add directory="../../../../../media/odroid/CODE/iTRLib/3rdparty/alglib" />
					<Add directory="../../../../../media/odroid/CODE/iTRLib/itralgorithm" />
					<Add directory="../../../../../media/odroid/CODE/iTRLib/itrbase" />
					<Add directory="../../../../../media/odroid/CODE/iTRLib/itrvision" />
					<Add directory="../../../../../media/odroid/CODE/iTRLib/itrdevice" />
					<Add directory="include" />
					<Add directory="../../../../../media/odroid/CODE/iTRLib/itrneon" />
					<Add directory="../../x264/source" />
				</Compiler>
				<Linker>
					<Add library="avcodec" />
					<Add library="swscale" />
					<Add library="avutil" />
					<Add library="pthread" />
					<Add library="../../x264/source/libx264.a" />
					<Add library="../../../../../media/odroid/CODE/iTRLib/itrbase/bin/debug/libitrbase.a" />
					<Add library="../../../../../media/odroid/CODE/iTRLib/itrneon/bin/debug/libmathneon.a" />
					<Add library="../../../../../media/odroid/CODE/iTRLib/itrvision/bin/debug/libitrvision.a" />
					<Add library="../../../../../media/odroid/CODE/iTRLib/3rdparty/alglib/bin/debug/libalglib.a" />
					<Add library="../../../../../media/odroid/CODE/iTRLib/itralgorithm/bin/debug/libitralgorithm.a" />
				</Linker>
			</Target>
			<Target title="Release">
				<Option output="bin/Release/colortrack" prefix_auto="1" extension_auto="1" />
				<Option object_output="obj/Release/" />
				<Option type="1" />
				<Option compiler="gcc" />
				<Compiler>
					<Add option="-O2" />
				</Compiler>
				<Linker>
					<Add option="-s" />
				</Linker>
			</Target>
		</Build>
		<Compiler>
			<Add option="-Wall" />
			<Add option="-fexceptions" />
		</Compiler>
		<Unit filename="Udp.h" />
		<Unit filename="basestruct.h" />
		<Unit filename="capture.cpp" />
		<Unit filename="capture.h" />
		<Unit filename="colortrack.cpp" />
		<Unit filename="colortrack.h" />
		<Unit filename="gimbal.cpp" />
		<Unit filename="gimbal.h" />
		<Unit filename="serialport.cpp" />
		<Unit filename="serialport.h" />
		<Unit filename="server.cpp" />
		<Unit filename="types.h" />
		<Unit filename="vcompress.cpp" />
		<Unit filename="vcompress.h" />
		<Unit filename="yuv2hsl.cpp" />
		<Unit filename="yuv2hsl.h" />
		<Extensions>
			<code_completion />
			<debugger />
		</Extensions>
	</Project>
</CodeBlocks_project_file>
